{
  "version": 4,
  "terraform_version": "1.1.9",
  "serial": 155,
  "lineage": "7171be3e-662c-9978-03e2-67f757c65fb8",
  "outputs": {},
  "resources": [
    {
      "mode": "managed",
      "type": "aws_ebs_volume",
      "name": "data-vol",
      "provider": "provider[\"registry.terraform.io/hashicorp/aws\"]",
      "instances": [
        {
          "schema_version": 0,
          "attributes": {
            "arn": "arn:aws:ec2:ap-south-1:645146023221:volume/vol-04047410db40e8cd2",
            "availability_zone": "ap-south-1a",
            "encrypted": false,
            "id": "vol-04047410db40e8cd2",
            "iops": 100,
            "kms_key_id": "",
            "multi_attach_enabled": false,
            "outpost_arn": "",
            "size": 10,
            "snapshot_id": "",
            "tags": {
              "Name": "data-volume"
            },
            "tags_all": {
              "Name": "data-volume"
            },
            "throughput": 0,
            "timeouts": null,
            "type": "gp2"
          },
          "sensitive_attributes": [],
          "private": "eyJlMmJmYjczMC1lY2FhLTExZTYtOGY4OC0zNDM2M2JjN2M0YzAiOnsiY3JlYXRlIjozMDAwMDAwMDAwMDAsImRlbGV0ZSI6MzAwMDAwMDAwMDAwLCJ1cGRhdGUiOjMwMDAwMDAwMDAwMH19"
        }
      ]
    },
    {
      "mode": "managed",
      "type": "aws_efs_file_system",
      "name": "efs",
      "provider": "provider[\"registry.terraform.io/hashicorp/aws\"]",
      "instances": [
        {
          "schema_version": 0,
          "attributes": {
            "arn": "arn:aws:elasticfilesystem:ap-south-1:645146023221:file-system/fs-0c841c601b6fefa32",
            "availability_zone_id": "",
            "availability_zone_name": "",
            "creation_token": "my-efs",
            "dns_name": "fs-0c841c601b6fefa32.efs.ap-south-1.amazonaws.com",
            "encrypted": false,
            "id": "fs-0c841c601b6fefa32",
            "kms_key_id": "",
            "lifecycle_policy": [],
            "number_of_mount_targets": 0,
            "owner_id": "645146023221",
            "performance_mode": "generalPurpose",
            "provisioned_throughput_in_mibps": 0,
            "size_in_bytes": [
              {
                "value": 6144,
                "value_in_ia": 0,
                "value_in_standard": 6144
              }
            ],
            "tags": {
              "Name": "MyProduct"
            },
            "tags_all": {
              "Name": "MyProduct"
            },
            "throughput_mode": "bursting"
          },
          "sensitive_attributes": [],
          "private": "bnVsbA=="
        }
      ]
    },
    {
      "mode": "managed",
      "type": "aws_efs_mount_target",
      "name": "mount",
      "provider": "provider[\"registry.terraform.io/hashicorp/aws\"]",
      "instances": [
        {
          "schema_version": 0,
          "attributes": {
            "availability_zone_id": "aps1-az1",
            "availability_zone_name": "ap-south-1a",
            "dns_name": "fs-0c841c601b6fefa32.efs.ap-south-1.amazonaws.com",
            "file_system_arn": "arn:aws:elasticfilesystem:ap-south-1:645146023221:file-system/fs-0c841c601b6fefa32",
            "file_system_id": "fs-0c841c601b6fefa32",
            "id": "fsmt-0f8218cd6ead47227",
            "ip_address": "10.0.1.221",
            "mount_target_dns_name": "ap-south-1a.fs-0c841c601b6fefa32.efs.ap-south-1.amazonaws.com",
            "network_interface_id": "eni-0798327507978be91",
            "owner_id": "645146023221",
            "security_groups": [
              "sg-0c913432bb7f3ec4d"
            ],
            "subnet_id": "subnet-03738d12410d36549"
          },
          "sensitive_attributes": [],
          "private": "bnVsbA==",
          "dependencies": [
            "aws_efs_file_system.efs",
            "aws_instance.testEC2",
            "aws_key_pair.deployer",
            "aws_security_group.ec2_sg",
            "aws_subnet.public",
            "aws_vpc.vpc_main",
            "tls_private_key.my_key"
          ]
        }
      ]
    },
    {
      "mode": "managed",
      "type": "aws_instance",
      "name": "testEC2",
      "provider": "provider[\"registry.terraform.io/hashicorp/aws\"]",
      "instances": [
        {
          "schema_version": 1,
          "attributes": {
            "ami": "ami-079b5e5b3971bd10d",
            "arn": "arn:aws:ec2:ap-south-1:645146023221:instance/i-0c896c6cdbe96d189",
            "associate_public_ip_address": true,
            "availability_zone": "ap-south-1a",
            "capacity_reservation_specification": [
              {
                "capacity_reservation_preference": "open",
                "capacity_reservation_target": []
              }
            ],
            "cpu_core_count": 1,
            "cpu_threads_per_core": 1,
            "credit_specification": [
              {
                "cpu_credits": "standard"
              }
            ],
            "disable_api_termination": false,
            "ebs_block_device": [],
            "ebs_optimized": false,
            "enclave_options": [
              {
                "enabled": false
              }
            ],
            "ephemeral_block_device": [],
            "get_password_data": false,
            "hibernation": false,
            "host_id": null,
            "iam_instance_profile": "",
            "id": "i-0c896c6cdbe96d189",
            "instance_initiated_shutdown_behavior": "stop",
            "instance_state": "running",
            "instance_type": "t2.micro",
            "ipv6_address_count": 0,
            "ipv6_addresses": [],
            "key_name": "efs-key",
            "launch_template": [],
            "maintenance_options": [
              {
                "auto_recovery": "default"
              }
            ],
            "metadata_options": [
              {
                "http_endpoint": "enabled",
                "http_put_response_hop_limit": 1,
                "http_tokens": "optional",
                "instance_metadata_tags": "disabled"
              }
            ],
            "monitoring": false,
            "network_interface": [],
            "outpost_arn": "",
            "password_data": "",
            "placement_group": "",
            "placement_partition_number": null,
            "primary_network_interface_id": "eni-0f244125e04ec95d2",
            "private_dns": "ip-10-0-1-83.ap-south-1.compute.internal",
            "private_ip": "10.0.1.83",
            "public_dns": "ec2-3-108-41-205.ap-south-1.compute.amazonaws.com",
            "public_ip": "3.108.41.205",
            "root_block_device": [
              {
                "delete_on_termination": true,
                "device_name": "/dev/xvda",
                "encrypted": false,
                "iops": 100,
                "kms_key_id": "",
                "tags": {},
                "throughput": 0,
                "volume_id": "vol-0ea5642b48e3b6657",
                "volume_size": 8,
                "volume_type": "gp2"
              }
            ],
            "secondary_private_ips": [],
            "security_groups": [
              "sg-0c913432bb7f3ec4d"
            ],
            "source_dest_check": true,
            "subnet_id": "subnet-03738d12410d36549",
            "tags": null,
            "tags_all": {},
            "tenancy": "default",
            "timeouts": null,
            "user_data": null,
            "user_data_base64": null,
            "user_data_replace_on_change": false,
            "volume_tags": null,
            "vpc_security_group_ids": [
              "sg-0c913432bb7f3ec4d"
            ]
          },
          "sensitive_attributes": [],
          "private": "eyJlMmJmYjczMC1lY2FhLTExZTYtOGY4OC0zNDM2M2JjN2M0YzAiOnsiY3JlYXRlIjo2MDAwMDAwMDAwMDAsImRlbGV0ZSI6MTIwMDAwMDAwMDAwMCwidXBkYXRlIjo2MDAwMDAwMDAwMDB9LCJzY2hlbWFfdmVyc2lvbiI6IjEifQ==",
          "dependencies": [
            "aws_key_pair.deployer",
            "aws_security_group.ec2_sg",
            "aws_subnet.public",
            "aws_vpc.vpc_main",
            "tls_private_key.my_key"
          ],
          "create_before_destroy": true
        }
      ]
    },
    {
      "mode": "managed",
      "type": "aws_key_pair",
      "name": "deployer",
      "provider": "provider[\"registry.terraform.io/hashicorp/aws\"]",
      "instances": [
        {
          "schema_version": 1,
          "attributes": {
            "arn": "arn:aws:ec2:ap-south-1:645146023221:key-pair/efs-key",
            "fingerprint": "d0:9f:06:e7:27:c9:55:19:31:c6:8e:64:1a:9e:d2:06",
            "id": "efs-key",
            "key_name": "efs-key",
            "key_name_prefix": "",
            "key_pair_id": "key-0a81d1705eb2c6f85",
            "public_key": "ssh-rsa AAAAB3NzaC1yc2EAAAADAQABAAABAQDFiCuLDmSKUaRfKHpPW+gflRUyB7l5O3JaqPVsCDiyVTJ//4F2jAuciyonCjjxyY/Gc6dOPh8Hm63opQoL9ARA3sRzk+KT0uUmoMl8pjn3ldr+RFuQodtFBCqlFWcsNkMzkZVcXCdfRCeeH/YC+ypaRy2lkncLg95dQpRtZ50N53hbS3NV44CLFDPRvzZoOrpDpUd2eFu0YTty2SOTDrDQiVpJFJPNX95rAbFdX9R0tcw4TxZ1cekAvn9wFXyTCK9t7H5Auy4LirKx6WAmdRWTgyJNFCN6nUEQFg1NXCRLMLFg1qxX5bVJdgCd+8g9/9TrsuZpOcI4ZP+y6DM6MZfL",
            "tags": null,
            "tags_all": {}
          },
          "sensitive_attributes": [],
          "private": "eyJzY2hlbWFfdmVyc2lvbiI6IjEifQ==",
          "dependencies": [
            "tls_private_key.my_key"
          ],
          "create_before_destroy": true
        }
      ]
    },
    {
      "mode": "managed",
      "type": "aws_security_group",
      "name": "ec2_sg",
      "provider": "provider[\"registry.terraform.io/hashicorp/aws\"]",
      "instances": [
        {
          "schema_version": 1,
          "attributes": {
            "arn": "arn:aws:ec2:ap-south-1:645146023221:security-group/sg-0c913432bb7f3ec4d",
            "description": "Allow SSH and HTTP",
            "egress": [
              {
                "cidr_blocks": [
                  "0.0.0.0/0"
                ],
                "description": "",
                "from_port": 0,
                "ipv6_cidr_blocks": [],
                "prefix_list_ids": [],
                "protocol": "-1",
                "security_groups": [],
                "self": false,
                "to_port": 0
              }
            ],
            "id": "sg-0c913432bb7f3ec4d",
            "ingress": [
              {
                "cidr_blocks": [
                  "0.0.0.0/0"
                ],
                "description": "EFS mount target",
                "from_port": 2049,
                "ipv6_cidr_blocks": [],
                "prefix_list_ids": [],
                "protocol": "tcp",
                "security_groups": [],
                "self": false,
                "to_port": 2049
              },
              {
                "cidr_blocks": [
                  "0.0.0.0/0"
                ],
                "description": "HTTP from VPC",
                "from_port": 80,
                "ipv6_cidr_blocks": [],
                "prefix_list_ids": [],
                "protocol": "tcp",
                "security_groups": [],
                "self": false,
                "to_port": 80
              },
              {
                "cidr_blocks": [
                  "0.0.0.0/0"
                ],
                "description": "SSH from VPC",
                "from_port": 22,
                "ipv6_cidr_blocks": [],
                "prefix_list_ids": [],
                "protocol": "tcp",
                "security_groups": [],
                "self": false,
                "to_port": 22
              }
            ],
            "name": "ec2_security_group",
            "name_prefix": "",
            "owner_id": "645146023221",
            "revoke_rules_on_delete": false,
            "tags": null,
            "tags_all": {},
            "timeouts": null,
            "vpc_id": "vpc-07e6969b162911e96"
          },
          "sensitive_attributes": [],
          "private": "eyJlMmJmYjczMC1lY2FhLTExZTYtOGY4OC0zNDM2M2JjN2M0YzAiOnsiY3JlYXRlIjo2MDAwMDAwMDAwMDAsImRlbGV0ZSI6OTAwMDAwMDAwMDAwfSwic2NoZW1hX3ZlcnNpb24iOiIxIn0=",
          "dependencies": [
            "aws_vpc.vpc_main"
          ],
          "create_before_destroy": true
        }
      ]
    },
    {
      "mode": "managed",
      "type": "aws_subnet",
      "name": "public",
      "provider": "provider[\"registry.terraform.io/hashicorp/aws\"]",
      "instances": [
        {
          "schema_version": 1,
          "attributes": {
            "arn": "arn:aws:ec2:ap-south-1:645146023221:subnet/subnet-03738d12410d36549",
            "assign_ipv6_address_on_creation": false,
            "availability_zone": "ap-south-1a",
            "availability_zone_id": "aps1-az1",
            "cidr_block": "10.0.1.0/24",
            "customer_owned_ipv4_pool": "",
            "enable_dns64": false,
            "enable_resource_name_dns_a_record_on_launch": false,
            "enable_resource_name_dns_aaaa_record_on_launch": false,
            "id": "subnet-03738d12410d36549",
            "ipv6_cidr_block": "",
            "ipv6_cidr_block_association_id": "",
            "ipv6_native": false,
            "map_customer_owned_ip_on_launch": false,
            "map_public_ip_on_launch": true,
            "outpost_arn": "",
            "owner_id": "645146023221",
            "private_dns_hostname_type_on_launch": "ip-name",
            "tags": null,
            "tags_all": {},
            "timeouts": null,
            "vpc_id": "vpc-07e6969b162911e96"
          },
          "sensitive_attributes": [],
          "private": "eyJlMmJmYjczMC1lY2FhLTExZTYtOGY4OC0zNDM2M2JjN2M0YzAiOnsiY3JlYXRlIjo2MDAwMDAwMDAwMDAsImRlbGV0ZSI6MTIwMDAwMDAwMDAwMH0sInNjaGVtYV92ZXJzaW9uIjoiMSJ9",
          "dependencies": [
            "aws_vpc.vpc_main"
          ],
          "create_before_destroy": true
        }
      ]
    },
    {
      "mode": "managed",
      "type": "aws_volume_attachment",
      "name": "TestEC2-vol",
      "provider": "provider[\"registry.terraform.io/hashicorp/aws\"]",
      "instances": [
        {
          "schema_version": 0,
          "attributes": {
            "device_name": "/dev/sdc",
            "force_detach": null,
            "id": "vai-214763746",
            "instance_id": "i-0c896c6cdbe96d189",
            "skip_destroy": null,
            "stop_instance_before_detaching": null,
            "timeouts": null,
            "volume_id": "vol-04047410db40e8cd2"
          },
          "sensitive_attributes": [],
          "private": "eyJlMmJmYjczMC1lY2FhLTExZTYtOGY4OC0zNDM2M2JjN2M0YzAiOnsiY3JlYXRlIjozMDAwMDAwMDAwMDAsImRlbGV0ZSI6MzAwMDAwMDAwMDAwfX0=",
          "dependencies": [
            "aws_ebs_volume.data-vol",
            "aws_instance.testEC2",
            "aws_key_pair.deployer",
            "aws_security_group.ec2_sg",
            "aws_subnet.public",
            "aws_vpc.vpc_main",
            "tls_private_key.my_key"
          ]
        }
      ]
    },
    {
      "mode": "managed",
      "type": "aws_vpc",
      "name": "vpc_main",
      "provider": "provider[\"registry.terraform.io/hashicorp/aws\"]",
      "instances": [
        {
          "schema_version": 1,
          "attributes": {
            "arn": "arn:aws:ec2:ap-south-1:645146023221:vpc/vpc-07e6969b162911e96",
            "assign_generated_ipv6_cidr_block": false,
            "cidr_block": "10.0.0.0/16",
            "default_network_acl_id": "acl-07acab265d08daad6",
            "default_route_table_id": "rtb-029db00542b97f266",
            "default_security_group_id": "sg-08f7b3b57b8cbab97",
            "dhcp_options_id": "dopt-076ea985a99ed53cf",
            "enable_classiclink": false,
            "enable_classiclink_dns_support": false,
            "enable_dns_hostnames": true,
            "enable_dns_support": true,
            "id": "vpc-07e6969b162911e96",
            "instance_tenancy": "default",
            "ipv4_ipam_pool_id": null,
            "ipv4_netmask_length": null,
            "ipv6_association_id": "",
            "ipv6_cidr_block": "",
            "ipv6_cidr_block_network_border_group": "",
            "ipv6_ipam_pool_id": "",
            "ipv6_netmask_length": 0,
            "main_route_table_id": "rtb-029db00542b97f266",
            "owner_id": "645146023221",
            "tags": null,
            "tags_all": {}
          },
          "sensitive_attributes": [],
          "private": "eyJzY2hlbWFfdmVyc2lvbiI6IjEifQ==",
          "create_before_destroy": true
        }
      ]
    },
    {
      "mode": "managed",
      "type": "null_resource",
      "name": "configure_nfs",
      "provider": "provider[\"registry.terraform.io/hashicorp/null\"]",
      "instances": [
        {
          "schema_version": 0,
          "attributes": {
            "id": "5844789335775599718",
            "triggers": null
          },
          "sensitive_attributes": [],
          "private": "bnVsbA==",
          "dependencies": [
            "aws_efs_file_system.efs",
            "aws_efs_mount_target.mount",
            "aws_instance.testEC2",
            "aws_key_pair.deployer",
            "aws_security_group.ec2_sg",
            "aws_subnet.public",
            "aws_vpc.vpc_main",
            "tls_private_key.my_key"
          ]
        }
      ]
    },
    {
      "mode": "managed",
      "type": "tls_private_key",
      "name": "my_key",
      "provider": "provider[\"registry.terraform.io/hashicorp/tls\"]",
      "instances": [
        {
          "schema_version": 0,
          "attributes": {
            "algorithm": "RSA",
            "ecdsa_curve": "P224",
            "id": "302213252521e8b23f119ac04cdab653d129b4ef",
            "private_key_openssh": "-----BEGIN OPENSSH PRIVATE KEY-----\nb3BlbnNzaC1rZXktdjEAAAAABG5vbmUAAAAEbm9uZQAAAAAAAAABAAABFwAAAAdz\nc2gtcnNhAAAAAwEAAQAAAQEAxYgriw5kilGkXyh6T1voH5UVMge5eTtyWqj1bAg4\nslUyf/+BdowLnIsqJwo48cmPxnOnTj4fB5ut6KUKC/QEQN7Ec5Pik9LlJqDJfKY5\n95Xa/kRbkKHbRQQqpRVnLDZDM5GVXFwnX0Qnnh/2AvsqWkctpZJ3C4PeXUKUbWed\nDed4W0tzVeOAixQz0b82aDq6Q6VHdnhbtGE7ctkjkw6w0IlaSRSTzV/eawGxXV/U\ndLXMOE8WdXHpAL5/cBV8kwivbex+QLsuC4qyselgJnUVk4MiTRQjep1BEBYNTVwk\nSzCxYNasV+W1SXYAnfvIPf/U67LmaTnCOGT/sugzOjGXywAAA7hU2dBLVNnQSwAA\nAAdzc2gtcnNhAAABAQDFiCuLDmSKUaRfKHpPW+gflRUyB7l5O3JaqPVsCDiyVTJ/\n/4F2jAuciyonCjjxyY/Gc6dOPh8Hm63opQoL9ARA3sRzk+KT0uUmoMl8pjn3ldr+\nRFuQodtFBCqlFWcsNkMzkZVcXCdfRCeeH/YC+ypaRy2lkncLg95dQpRtZ50N53hb\nS3NV44CLFDPRvzZoOrpDpUd2eFu0YTty2SOTDrDQiVpJFJPNX95rAbFdX9R0tcw4\nTxZ1cekAvn9wFXyTCK9t7H5Auy4LirKx6WAmdRWTgyJNFCN6nUEQFg1NXCRLMLFg\n1qxX5bVJdgCd+8g9/9TrsuZpOcI4ZP+y6DM6MZfLAAAAAwEAAQAAAQEAkIxDAPE5\nVZbE5/Wg+23QATyBVCke6r47wmgdoD6r7qQ13kDFJlD5NkcIQ6VRYm4TTi/X4IPJ\nBTJBIxuSrIiWjDn4HHO9vFr54TiL+TFS/gClTqgLMV2gLXMNGdz9sPbMWnJQkFPH\nZAllzGqrBidyKLophx4VC1ImaKyOHTlTTpYmzrFT78Xnuz5/pufIkaKjwOMGeuLo\n2QCZnFMwruP6++o4xNKWhHM1x5TFldfG6jBKy6FFMvxQjiKnD4GedCBQuE+Oaufy\nugq3m1T/jN1gPVWjGlJ5bC3LUBpJs1sMs4O/ig468V7XZd9csARZvVyMztOZmSkH\n4QQQVeX3uXHf4QAAAIEAjWu2R3gSjh8aJvwgybGpbFxp3XlR9Ejk93DR2CnwaADj\nZoCPXf8o8eFYTuUhPr/GK1z09xM/CFAWj/67BmUy+e6D11J/tiQjIB2l2GmuROm6\nLnE2B+qpayKxFA2aGZNRG2yRNgZxR/KAbcdGnW9W7JLjkYzK4IrKnaAasFdetecA\nAACBAMiDYHklx7z2/0lVsYOBgM8I/vlYLJOScg5M1Rt05Q9+TRwZ/bT8qjX46jtJ\njPkYmFgcHN3vgl368oyYLGJOzwEW7riFX4yb2GoAd6uIR9LqhsxWGjT1MjjF/TYs\nYwns9AFdZKEV/+GAzPglOc6x62uJbOLjaMg9GjpYOaW2X/WpAAAAgQD8MZh6/PMq\nb4acVCZMleRI1sAEL/1LDYvKReaU90moqrjp5ubPfVpQFji+KJeGuHo5CkrK48/8\nuvvCk4mrg9Qwu7UQnGVDKBL1A6rkZ4g0EqhQMy45Y3Y+sebo4okncXZPnu6d8qld\nbQCw2KpZn0NSNagBrrD/DW5Ql0b55qCiUwAAAAAB\n-----END OPENSSH PRIVATE KEY-----\n",
            "private_key_pem": "-----BEGIN RSA PRIVATE KEY-----\nMIIEpQIBAAKCAQEAxYgriw5kilGkXyh6T1voH5UVMge5eTtyWqj1bAg4slUyf/+B\ndowLnIsqJwo48cmPxnOnTj4fB5ut6KUKC/QEQN7Ec5Pik9LlJqDJfKY595Xa/kRb\nkKHbRQQqpRVnLDZDM5GVXFwnX0Qnnh/2AvsqWkctpZJ3C4PeXUKUbWedDed4W0tz\nVeOAixQz0b82aDq6Q6VHdnhbtGE7ctkjkw6w0IlaSRSTzV/eawGxXV/UdLXMOE8W\ndXHpAL5/cBV8kwivbex+QLsuC4qyselgJnUVk4MiTRQjep1BEBYNTVwkSzCxYNas\nV+W1SXYAnfvIPf/U67LmaTnCOGT/sugzOjGXywIDAQABAoIBAQCQjEMA8TlVlsTn\n9aD7bdABPIFUKR7qvjvCaB2gPqvupDXeQMUmUPk2RwhDpVFibhNOL9fgg8kFMkEj\nG5KsiJaMOfgcc728WvnhOIv5MVL+AKVOqAsxXaAtcw0Z3P2w9sxaclCQU8dkCWXM\naqsGJ3IouimHHhULUiZorI4dOVNOlibOsVPvxee7Pn+m58iRoqPA4wZ64ujZAJmc\nUzCu4/r76jjE0paEczXHlMWV18bqMErLoUUy/FCOIqcPgZ50IFC4T45q5/K6Creb\nVP+M3WA9VaMaUnlsLctQGkmzWwyzg7+KDjrxXtdl31ywBFm9XIzO05mZKQfhBBBV\n5fe5cd/hAoGBAMiDYHklx7z2/0lVsYOBgM8I/vlYLJOScg5M1Rt05Q9+TRwZ/bT8\nqjX46jtJjPkYmFgcHN3vgl368oyYLGJOzwEW7riFX4yb2GoAd6uIR9LqhsxWGjT1\nMjjF/TYsYwns9AFdZKEV/+GAzPglOc6x62uJbOLjaMg9GjpYOaW2X/WpAoGBAPwx\nmHr88ypvhpxUJkyV5EjWwAQv/UsNi8pF5pT3SaiquOnm5s99WlAWOL4ol4a4ejkK\nSsrjz/y6+8KTiauD1DC7tRCcZUMoEvUDquRniDQSqFAzLjljdj6x5ujiiSdxdk+e\n7p3yqV1tALDYqlmfQ1I1qAGusP8NblCXRvnmoKJTAoGAN8s2wP8eQRqJlqJdrrYO\nXY2nRUKfxMBvNEN02RsB0fnXAwbIbeAQjMwigTTKIVYSrhHEhozqvbPiYfTGBOTg\n/PCgpH+YQsvqwDQ5GGXndm0D7T/YMvw3aUzOVJCtTkm869RM9/XjKaBpaHMTTsx7\nMYUf41JcCbvW3H1ILTA+K2ECgYEArNSMS9ToDG/rz1y39opOrUBGzVfZ/UJmR5PJ\n5tLlrup42Qs9qHqelv3zmxYUaeYpFMgh45NmKSw3duxHT7yDgXZSKvUTTIe9Hh6K\nUgdFx3H12SiKCBhKo8KlnXoKRnayfvRLUQFI4lbeP1PswoiryT4uSiDe+ZvJuv9B\nS+eqtDMCgYEAjWu2R3gSjh8aJvwgybGpbFxp3XlR9Ejk93DR2CnwaADjZoCPXf8o\n8eFYTuUhPr/GK1z09xM/CFAWj/67BmUy+e6D11J/tiQjIB2l2GmuROm6LnE2B+qp\nayKxFA2aGZNRG2yRNgZxR/KAbcdGnW9W7JLjkYzK4IrKnaAasFdetec=\n-----END RSA PRIVATE KEY-----\n",
            "public_key_fingerprint_md5": "7a:b4:70:a0:8a:a8:eb:85:9d:53:46:52:5b:d7:6a:27",
            "public_key_fingerprint_sha256": "SHA256:eOFRuTZRBQMM+NE+5jrJxRj7gogvAY5vnqhzP0Ms88s",
            "public_key_openssh": "ssh-rsa AAAAB3NzaC1yc2EAAAADAQABAAABAQDFiCuLDmSKUaRfKHpPW+gflRUyB7l5O3JaqPVsCDiyVTJ//4F2jAuciyonCjjxyY/Gc6dOPh8Hm63opQoL9ARA3sRzk+KT0uUmoMl8pjn3ldr+RFuQodtFBCqlFWcsNkMzkZVcXCdfRCeeH/YC+ypaRy2lkncLg95dQpRtZ50N53hbS3NV44CLFDPRvzZoOrpDpUd2eFu0YTty2SOTDrDQiVpJFJPNX95rAbFdX9R0tcw4TxZ1cekAvn9wFXyTCK9t7H5Auy4LirKx6WAmdRWTgyJNFCN6nUEQFg1NXCRLMLFg1qxX5bVJdgCd+8g9/9TrsuZpOcI4ZP+y6DM6MZfL\n",
            "public_key_pem": "-----BEGIN PUBLIC KEY-----\nMIIBIjANBgkqhkiG9w0BAQEFAAOCAQ8AMIIBCgKCAQEAxYgriw5kilGkXyh6T1vo\nH5UVMge5eTtyWqj1bAg4slUyf/+BdowLnIsqJwo48cmPxnOnTj4fB5ut6KUKC/QE\nQN7Ec5Pik9LlJqDJfKY595Xa/kRbkKHbRQQqpRVnLDZDM5GVXFwnX0Qnnh/2Avsq\nWkctpZJ3C4PeXUKUbWedDed4W0tzVeOAixQz0b82aDq6Q6VHdnhbtGE7ctkjkw6w\n0IlaSRSTzV/eawGxXV/UdLXMOE8WdXHpAL5/cBV8kwivbex+QLsuC4qyselgJnUV\nk4MiTRQjep1BEBYNTVwkSzCxYNasV+W1SXYAnfvIPf/U67LmaTnCOGT/sugzOjGX\nywIDAQAB\n-----END PUBLIC KEY-----\n",
            "rsa_bits": 2048
          },
          "sensitive_attributes": [],
          "private": "bnVsbA==",
          "create_before_destroy": true
        }
      ]
    }
  ]
}
